
Microsoft Visual Studio Solution File, Format Version 12.00
# Visual Studio Version 16
VisualStudioVersion = 16.0.30711.63
MinimumVisualStudioVersion = 10.0.40219.1
Project("{9A19103F-16F7-4668-BE54-9A1E7A4F7556}") = "Leave_System", "Leave_System\Leave_System.csproj", "{38C5DD0E-BCC7-4DF5-88F9-2C3235EBE74E}"
EndProject
Project("{9A19103F-16F7-4668-BE54-9A1E7A4F7556}") = "Data", "Data\Data.csproj", "{971CFE63-917F-41BB-8A8D-22FB3FE54F28}"
EndProject
Project("{9A19103F-16F7-4668-BE54-9A1E7A4F7556}") = "Model", "Models\Model.csproj", "{64692430-5B59-4260-BCAE-B75FF171257C}"
EndProject
Global
	GlobalSection(SolutionConfigurationPlatforms) = preSolution
		Debug|Any CPU = Debug|Any CPU
		Release|Any CPU = Release|Any CPU
	EndGlobalSection
	GlobalSection(ProjectConfigurationPlatforms) = postSolution
		{38C5DD0E-BCC7-4DF5-88F9-2C3235EBE74E}.Debug|Any CPU.ActiveCfg = Debug|Any CPU
		{38C5DD0E-BCC7-4DF5-88F9-2C3235EBE74E}.Debug|Any CPU.Build.0 = Debug|Any CPU
		{38C5DD0E-BCC7-4DF5-88F9-2C3235EBE74E}.Release|Any CPU.ActiveCfg = Release|Any CPU
		{38C5DD0E-BCC7-4DF5-88F9-2C3235EBE74E}.Release|Any CPU.Build.0 = Release|Any CPU
		{971CFE63-917F-41BB-8A8D-22FB3FE54F28}.Debug|Any CPU.ActiveCfg = Debug|Any CPU
		{971CFE63-917F-41BB-8A8D-22FB3FE54F28}.Debug|Any CPU.Build.0 = Debug|Any CPU
		{971CFE63-917F-41BB-8A8D-22FB3FE54F28}.Release|Any CPU.ActiveCfg = Release|Any CPU
		{971CFE63-917F-41BB-8A8D-22FB3FE54F28}.Release|Any CPU.Build.0 = Release|Any CPU
		{64692430-5B59-4260-BCAE-B75FF171257C}.Debug|Any CPU.ActiveCfg = Debug|Any CPU
		{64692430-5B59-4260-BCAE-B75FF171257C}.Debug|Any CPU.Build.0 = Debug|Any CPU
		{64692430-5B59-4260-BCAE-B75FF171257C}.Release|Any CPU.ActiveCfg = Release|Any CPU
		{64692430-5B59-4260-BCAE-B75FF171257C}.Release|Any CPU.Build.0 = Release|Any CPU
	EndGlobalSection
	GlobalSection(SolutionProperties) = preSolution
		HideSolutionNode = FALSE
	EndGlobalSection
	GlobalSection(ExtensibilityGlobals) = postSolution
		SolutionGuid = {4633619A-C466-4803-B09D-2FC452E0D1D0}
	EndGlobalSection
EndGlobal
